// !$*UTF8*$!
{
	archiveVersion = 1;
	classes = {
	};
	objectVersion = 46;
	objects = {

/* Begin PBXBuildFile section */
		1C16E2251917C85D0062E456 /* csbigcam.cpp in Sources */ = {isa = PBXBuildFile; fileRef = 1CC0969419065F9B00E53BBA /* csbigcam.cpp */; };
		1C16E2261917C85D0062E456 /* csbigimg.cpp in Sources */ = {isa = PBXBuildFile; fileRef = 1CC0969619065F9B00E53BBA /* csbigimg.cpp */; };
		1C16E2271917C85D0062E456 /* main.cpp in Sources */ = {isa = PBXBuildFile; fileRef = 1CC0969B19065F9B00E53BBA /* main.cpp */; };
		1C16E2281917C85D0062E456 /* sbig2fits.cpp in Sources */ = {isa = PBXBuildFile; fileRef = 1CC0969D19065F9B00E53BBA /* sbig2fits.cpp */; };
		1C3EC4291912BA1C000A58F3 /* convol.c in Sources */ = {isa = PBXBuildFile; fileRef = 1CBBF57E1901697300680226 /* convol.c */; };
		1C3EC42A1912BA1C000A58F3 /* crea_tiff_3.c in Sources */ = {isa = PBXBuildFile; fileRef = 1CBBF5801901697300680226 /* crea_tiff_3.c */; };
		1C3EC42B1912BA1C000A58F3 /* diametre_soleil.c in Sources */ = {isa = PBXBuildFile; fileRef = 1CBBF5821901697300680226 /* diametre_soleil.c */; };
		1C3EC42C1912BA1C000A58F3 /* fcts_LK3.c in Sources */ = {isa = PBXBuildFile; fileRef = 1CBBF5841901697300680226 /* fcts_LK3.c */; };
		1C3EC42D1912BA1C000A58F3 /* interpol.c in Sources */ = {isa = PBXBuildFile; fileRef = 1CBBF5881901697300680226 /* interpol.c */; };
		1C3F0B84190FCF72002E6ADA /* cmd_arduino.c in Sources */ = {isa = PBXBuildFile; fileRef = 1CBBF57C1901697300680226 /* cmd_arduino.c */; };
/* End PBXBuildFile section */

/* Begin PBXCopyFilesBuildPhase section */
		1C2B15C718F81D760038A475 /* Copy Files */ = {
			isa = PBXCopyFilesBuildPhase;
			buildActionMask = 2147483647;
			dstPath = /usr/share/man/man1/;
			dstSubfolderSpec = 0;
			files = (
			);
			name = "Copy Files";
			runOnlyForDeploymentPostprocessing = 1;
		};
/* End PBXCopyFilesBuildPhase section */

/* Begin PBXFileReference section */
		1C07709E19018DEC0090130D /* main_arduino.c */ = {isa = PBXFileReference; fileEncoding = 4; lastKnownFileType = sourcecode.c.c; path = main_arduino.c; sourceTree = "<group>"; usesTabs = 1; };
		1C0770B2190191080090130D /* main_global.c */ = {isa = PBXFileReference; fileEncoding = 4; lastKnownFileType = sourcecode.c.c; path = main_global.c; sourceTree = "<group>"; usesTabs = 1; };
		1C2B15C918F81D760038A475 /* climso-auto */ = {isa = PBXFileReference; explicitFileType = "compiled.mach-o.executable"; includeInIndex = 0; path = "climso-auto"; sourceTree = BUILT_PRODUCTS_DIR; };
		1C55A36819042EB40075BEE4 /* main_camera.c */ = {isa = PBXFileReference; fileEncoding = 4; lastKnownFileType = sourcecode.c.c; path = main_camera.c; sourceTree = "<group>"; usesTabs = 1; };
		1CBBF5211901438D00680226 /* Makefile */ = {isa = PBXFileReference; explicitFileType = sourcecode.make; path = Makefile; sourceTree = "<group>"; usesTabs = 1; };
		1CBBF5221901438D00680226 /* README.md */ = {isa = PBXFileReference; lastKnownFileType = text; path = README.md; sourceTree = "<group>"; };
		1CBBF57A1901697300680226 /* camera.c */ = {isa = PBXFileReference; fileEncoding = 4; lastKnownFileType = sourcecode.c.c; path = camera.c; sourceTree = "<group>"; usesTabs = 1; };
		1CBBF57B1901697300680226 /* camera.h */ = {isa = PBXFileReference; fileEncoding = 4; lastKnownFileType = sourcecode.c.h; path = camera.h; sourceTree = "<group>"; usesTabs = 1; };
		1CBBF57C1901697300680226 /* cmd_arduino.c */ = {isa = PBXFileReference; fileEncoding = 4; lastKnownFileType = sourcecode.c.c; path = cmd_arduino.c; sourceTree = "<group>"; usesTabs = 1; };
		1CBBF57D1901697300680226 /* cmd_arduino.h */ = {isa = PBXFileReference; fileEncoding = 4; lastKnownFileType = sourcecode.c.h; path = cmd_arduino.h; sourceTree = "<group>"; usesTabs = 1; };
		1CBBF57E1901697300680226 /* convol.c */ = {isa = PBXFileReference; fileEncoding = 4; lastKnownFileType = sourcecode.c.c; path = convol.c; sourceTree = "<group>"; usesTabs = 1; };
		1CBBF57F1901697300680226 /* convol.h */ = {isa = PBXFileReference; fileEncoding = 4; lastKnownFileType = sourcecode.c.h; path = convol.h; sourceTree = "<group>"; usesTabs = 1; };
		1CBBF5801901697300680226 /* crea_tiff_3.c */ = {isa = PBXFileReference; fileEncoding = 4; lastKnownFileType = sourcecode.c.c; path = crea_tiff_3.c; sourceTree = "<group>"; usesTabs = 1; };
		1CBBF5811901697300680226 /* crea_tiff_3.h */ = {isa = PBXFileReference; fileEncoding = 4; lastKnownFileType = sourcecode.c.h; path = crea_tiff_3.h; sourceTree = "<group>"; usesTabs = 1; };
		1CBBF5821901697300680226 /* diametre_soleil.c */ = {isa = PBXFileReference; fileEncoding = 4; lastKnownFileType = sourcecode.c.c; path = diametre_soleil.c; sourceTree = "<group>"; usesTabs = 1; };
		1CBBF5831901697300680226 /* diametre_soleil.h */ = {isa = PBXFileReference; fileEncoding = 4; lastKnownFileType = sourcecode.c.h; path = diametre_soleil.h; sourceTree = "<group>"; usesTabs = 1; };
		1CBBF5841901697300680226 /* fcts_LK3.c */ = {isa = PBXFileReference; fileEncoding = 4; lastKnownFileType = sourcecode.c.c; path = fcts_LK3.c; sourceTree = "<group>"; usesTabs = 1; };
		1CBBF5851901697300680226 /* fcts_LK3.h */ = {isa = PBXFileReference; fileEncoding = 4; lastKnownFileType = sourcecode.c.h; path = fcts_LK3.h; sourceTree = "<group>"; usesTabs = 1; };
		1CBBF5881901697300680226 /* interpol.c */ = {isa = PBXFileReference; fileEncoding = 4; lastKnownFileType = sourcecode.c.c; path = interpol.c; sourceTree = "<group>"; usesTabs = 1; };
		1CBBF5891901697300680226 /* interpol.h */ = {isa = PBXFileReference; fileEncoding = 4; lastKnownFileType = sourcecode.c.h; path = interpol.h; sourceTree = "<group>"; usesTabs = 1; };
		1CBBF58A1901697300680226 /* main_position.c */ = {isa = PBXFileReference; fileEncoding = 4; lastKnownFileType = sourcecode.c.c; path = main_position.c; sourceTree = "<group>"; usesTabs = 1; };
		1CC0969419065F9B00E53BBA /* csbigcam.cpp */ = {isa = PBXFileReference; lastKnownFileType = sourcecode.cpp.cpp; path = csbigcam.cpp; sourceTree = "<group>"; };
		1CC0969519065F9B00E53BBA /* csbigcam.h */ = {isa = PBXFileReference; lastKnownFileType = sourcecode.c.h; path = csbigcam.h; sourceTree = "<group>"; };
		1CC0969619065F9B00E53BBA /* csbigimg.cpp */ = {isa = PBXFileReference; lastKnownFileType = sourcecode.cpp.cpp; path = csbigimg.cpp; sourceTree = "<group>"; };
		1CC0969719065F9B00E53BBA /* csbigimg.h */ = {isa = PBXFileReference; lastKnownFileType = sourcecode.c.h; path = csbigimg.h; sourceTree = "<group>"; };
		1CC0969819065F9B00E53BBA /* fitsio.h */ = {isa = PBXFileReference; lastKnownFileType = sourcecode.c.h; path = fitsio.h; sourceTree = "<group>"; };
		1CC0969919065F9B00E53BBA /* longnam.h */ = {isa = PBXFileReference; lastKnownFileType = sourcecode.c.h; path = longnam.h; sourceTree = "<group>"; };
		1CC0969A19065F9B00E53BBA /* lpardrv.h */ = {isa = PBXFileReference; lastKnownFileType = sourcecode.c.h; path = lpardrv.h; sourceTree = "<group>"; };
		1CC0969B19065F9B00E53BBA /* main.cpp */ = {isa = PBXFileReference; lastKnownFileType = sourcecode.cpp.cpp; path = main.cpp; sourceTree = "<group>"; };
		1CC0969C19065F9B00E53BBA /* Makefile */ = {isa = PBXFileReference; lastKnownFileType = sourcecode.make; path = Makefile; sourceTree = "<group>"; };
		1CC0969D19065F9B00E53BBA /* sbig2fits.cpp */ = {isa = PBXFileReference; lastKnownFileType = sourcecode.cpp.cpp; path = sbig2fits.cpp; sourceTree = "<group>"; };
		1CC0969E19065F9B00E53BBA /* sbigudrv.h */ = {isa = PBXFileReference; lastKnownFileType = sourcecode.c.h; path = sbigudrv.h; sourceTree = "<group>"; };
		1CEC1A9B1905532A0016A024 /* main_image.cpp */ = {isa = PBXFileReference; explicitFileType = sourcecode.cpp.cpp; fileEncoding = 4; path = main_image.cpp; sourceTree = "<group>"; usesTabs = 1; };
/* End PBXFileReference section */

/* Begin PBXFrameworksBuildPhase section */
		1C2B15C618F81D760038A475 /* Frameworks */ = {
			isa = PBXFrameworksBuildPhase;
			buildActionMask = 2147483647;
			files = (
			);
			runOnlyForDeploymentPostprocessing = 0;
		};
/* End PBXFrameworksBuildPhase section */

/* Begin PBXGroup section */
		1C2B15C018F81D760038A475 = {
			isa = PBXGroup;
			children = (
				1CBBF5211901438D00680226 /* Makefile */,
				1CBBF5221901438D00680226 /* README.md */,
				1CBBF5791901697300680226 /* Sources */,
				1CC0968F19065F9B00E53BBA /* Libraries */,
				1C2B15CA18F81D760038A475 /* Products */,
			);
			sourceTree = "<group>";
			usesTabs = 1;
		};
		1C2B15CA18F81D760038A475 /* Products */ = {
			isa = PBXGroup;
			children = (
				1C2B15C918F81D760038A475 /* climso-auto */,
			);
			name = Products;
			sourceTree = "<group>";
		};
		1CBBF5791901697300680226 /* Sources */ = {
			isa = PBXGroup;
			children = (
				1C0770B2190191080090130D /* main_global.c */,
				1CEC1A9A1905530D0016A024 /* Classe "Image" */,
				1CBBF5941901697F00680226 /* La camera */,
				1CBBF5951901698A00680226 /* L'arduino */,
				1CBBF5961901699700680226 /* Le calcul position soleil */,
			);
			path = Sources;
			sourceTree = "<group>";
		};
		1CBBF5941901697F00680226 /* La camera */ = {
			isa = PBXGroup;
			children = (
				1C55A36819042EB40075BEE4 /* main_camera.c */,
				1CBBF57A1901697300680226 /* camera.c */,
				1CBBF57B1901697300680226 /* camera.h */,
			);
			name = "La camera";
			sourceTree = "<group>";
		};
		1CBBF5951901698A00680226 /* L'arduino */ = {
			isa = PBXGroup;
			children = (
				1C07709E19018DEC0090130D /* main_arduino.c */,
				1CBBF57C1901697300680226 /* cmd_arduino.c */,
				1CBBF57D1901697300680226 /* cmd_arduino.h */,
			);
			name = "L'arduino";
			sourceTree = "<group>";
		};
		1CBBF5961901699700680226 /* Le calcul position soleil */ = {
			isa = PBXGroup;
			children = (
				1CBBF58A1901697300680226 /* main_position.c */,
				1CBBF57E1901697300680226 /* convol.c */,
				1CBBF5801901697300680226 /* crea_tiff_3.c */,
				1CBBF5821901697300680226 /* diametre_soleil.c */,
				1CBBF5841901697300680226 /* fcts_LK3.c */,
				1CBBF5881901697300680226 /* interpol.c */,
				1CBBF57F1901697300680226 /* convol.h */,
				1CBBF5811901697300680226 /* crea_tiff_3.h */,
				1CBBF5831901697300680226 /* diametre_soleil.h */,
				1CBBF5851901697300680226 /* fcts_LK3.h */,
				1CBBF5891901697300680226 /* interpol.h */,
			);
			name = "Le calcul position soleil";
			sourceTree = "<group>";
		};
		1CC0968F19065F9B00E53BBA /* Libraries */ = {
			isa = PBXGroup;
			children = (
				1CC0969319065F9B00E53BBA /* camera_sbig_lib */,
			);
			path = Libraries;
			sourceTree = "<group>";
		};
		1CC0969319065F9B00E53BBA /* camera_sbig_lib */ = {
			isa = PBXGroup;
			children = (
				1CC0969419065F9B00E53BBA /* csbigcam.cpp */,
				1CC0969519065F9B00E53BBA /* csbigcam.h */,
				1CC0969619065F9B00E53BBA /* csbigimg.cpp */,
				1CC0969719065F9B00E53BBA /* csbigimg.h */,
				1CC0969819065F9B00E53BBA /* fitsio.h */,
				1CC0969919065F9B00E53BBA /* longnam.h */,
				1CC0969A19065F9B00E53BBA /* lpardrv.h */,
				1CC0969B19065F9B00E53BBA /* main.cpp */,
				1CC0969C19065F9B00E53BBA /* Makefile */,
				1CC0969D19065F9B00E53BBA /* sbig2fits.cpp */,
				1CC0969E19065F9B00E53BBA /* sbigudrv.h */,
			);
			path = camera_sbig_lib;
			sourceTree = "<group>";
		};
		1CEC1A9A1905530D0016A024 /* Classe "Image" */ = {
			isa = PBXGroup;
			children = (
				1CEC1A9B1905532A0016A024 /* main_image.cpp */,
			);
			name = "Classe \"Image\"";
			sourceTree = "<group>";
		};
/* End PBXGroup section */

/* Begin PBXLegacyTarget section */
		1C0770A019018F220090130D /* Arduino */ = {
			isa = PBXLegacyTarget;
			buildArgumentsString = arduino;
			buildConfigurationList = 1C0770A119018F220090130D /* Build configuration list for PBXLegacyTarget "Arduino" */;
			buildPhases = (
			);
			buildToolPath = /usr/bin/make;
			buildWorkingDirectory = "";
			dependencies = (
			);
			name = Arduino;
			passBuildSettingsInEnvironment = 1;
			productName = Arduino;
		};
		1C0770A419018F4E0090130D /* All */ = {
			isa = PBXLegacyTarget;
			buildArgumentsString = all;
			buildConfigurationList = 1C0770A519018F4E0090130D /* Build configuration list for PBXLegacyTarget "All" */;
			buildPhases = (
			);
			buildToolPath = /usr/bin/make;
			buildWorkingDirectory = "";
			dependencies = (
			);
			name = All;
			passBuildSettingsInEnvironment = 1;
			productName = All;
		};
		1C0770A819018F580090130D /* Position */ = {
			isa = PBXLegacyTarget;
			buildArgumentsString = position;
			buildConfigurationList = 1C0770A919018F580090130D /* Build configuration list for PBXLegacyTarget "Position" */;
			buildPhases = (
			);
			buildToolPath = /usr/bin/make;
			buildWorkingDirectory = "";
			dependencies = (
			);
			name = Position;
			passBuildSettingsInEnvironment = 1;
			productName = Position;
		};
		1C0770AC19018F610090130D /* Camera */ = {
			isa = PBXLegacyTarget;
			buildArgumentsString = camera;
			buildConfigurationList = 1C0770AD19018F610090130D /* Build configuration list for PBXLegacyTarget "Camera" */;
			buildPhases = (
			);
			buildToolPath = /usr/bin/make;
			buildWorkingDirectory = "";
			dependencies = (
			);
			name = Camera;
			passBuildSettingsInEnvironment = 1;
			productName = Camera;
		};
		1CEC1A9D190556BF0016A024 /* Image */ = {
			isa = PBXLegacyTarget;
			buildArgumentsString = image;
			buildConfigurationList = 1CEC1A9E190556BF0016A024 /* Build configuration list for PBXLegacyTarget "Image" */;
			buildPhases = (
			);
			buildToolPath = /usr/bin/make;
			buildWorkingDirectory = "";
			dependencies = (
			);
			name = Image;
			passBuildSettingsInEnvironment = 1;
			productName = Image;
		};
/* End PBXLegacyTarget section */

/* Begin PBXNativeTarget section */
		1C2B15C818F81D760038A475 /* climso-auto */ = {
			isa = PBXNativeTarget;
			buildConfigurationList = 1C2B15D218F81D760038A475 /* Build configuration list for PBXNativeTarget "climso-auto" */;
			buildPhases = (
				1C2B15C518F81D760038A475 /* Sources */,
				1C2B15C618F81D760038A475 /* Frameworks */,
				1C2B15C718F81D760038A475 /* Copy Files */,
			);
			buildRules = (
			);
			dependencies = (
			);
			name = "climso-auto";
			productName = correl_images;
			productReference = 1C2B15C918F81D760038A475 /* climso-auto */;
			productType = "com.apple.product-type.tool";
		};
/* End PBXNativeTarget section */

/* Begin PBXProject section */
		1C2B15C118F81D760038A475 /* Project object */ = {
			isa = PBXProject;
			attributes = {
				LastUpgradeCheck = 0510;
				ORGANIZATIONNAME = "___FULLUSERNAME___";
			};
			buildConfigurationList = 1C2B15C418F81D760038A475 /* Build configuration list for PBXProject "climso-auto" */;
			compatibilityVersion = "Xcode 3.2";
			developmentRegion = English;
			hasScannedForEncodings = 0;
			knownRegions = (
				en,
			);
			mainGroup = 1C2B15C018F81D760038A475;
			productRefGroup = 1C2B15CA18F81D760038A475 /* Products */;
			projectDirPath = "";
			projectRoot = "";
			targets = (
				1C0770A019018F220090130D /* Arduino */,
				1C0770A819018F580090130D /* Position */,
				1C0770AC19018F610090130D /* Camera */,
				1C0770A419018F4E0090130D /* All */,
				1CEC1A9D190556BF0016A024 /* Image */,
				1C2B15C818F81D760038A475 /* climso-auto */,
			);
		};
/* End PBXProject section */

/* Begin PBXSourcesBuildPhase section */
		1C2B15C518F81D760038A475 /* Sources */ = {
			isa = PBXSourcesBuildPhase;
			buildActionMask = 2147483647;
			files = (
				1C3EC4291912BA1C000A58F3 /* convol.c in Sources */,
				1C3F0B84190FCF72002E6ADA /* cmd_arduino.c in Sources */,
				1C16E2271917C85D0062E456 /* main.cpp in Sources */,
				1C16E2261917C85D0062E456 /* csbigimg.cpp in Sources */,
				1C16E2281917C85D0062E456 /* sbig2fits.cpp in Sources */,
				1C3EC42B1912BA1C000A58F3 /* diametre_soleil.c in Sources */,
				1C3EC42C1912BA1C000A58F3 /* fcts_LK3.c in Sources */,
				1C3EC42D1912BA1C000A58F3 /* interpol.c in Sources */,
				1C3EC42A1912BA1C000A58F3 /* crea_tiff_3.c in Sources */,
				1C16E2251917C85D0062E456 /* csbigcam.cpp in Sources */,
			);
			runOnlyForDeploymentPostprocessing = 0;
		};
/* End PBXSourcesBuildPhase section */

/* Begin XCBuildConfiguration section */
		1C0770A219018F220090130D /* Debug */ = {
			isa = XCBuildConfiguration;
			buildSettings = {
				ALWAYS_SEARCH_USER_PATHS = YES;
				DEBUGGING_SYMBOLS = YES;
				GCC_GENERATE_DEBUGGING_SYMBOLS = YES;
				GCC_OPTIMIZATION_LEVEL = 0;
				GCC_PREPROCESSOR_DEFINITIONS = (
					"DEBUG=1",
					"$(inherited)",
				);
				OTHER_CFLAGS = "";
				OTHER_LDFLAGS = "";
				PRODUCT_NAME = "$(TARGET_NAME)";
			};
			name = Debug;
		};
		1C0770A319018F220090130D /* Release */ = {
			isa = XCBuildConfiguration;
			buildSettings = {
				ALWAYS_SEARCH_USER_PATHS = YES;
				OTHER_CFLAGS = "";
				OTHER_LDFLAGS = "";
				PRODUCT_NAME = "$(TARGET_NAME)";
			};
			name = Release;
		};
		1C0770A619018F4E0090130D /* Debug */ = {
			isa = XCBuildConfiguration;
			buildSettings = {
				ALWAYS_SEARCH_USER_PATHS = NO;
				DEBUGGING_SYMBOLS = YES;
				GCC_GENERATE_DEBUGGING_SYMBOLS = YES;
				GCC_OPTIMIZATION_LEVEL = 0;
				GCC_PREPROCESSOR_DEFINITIONS = (
					"DEBUG=1",
					"$(inherited)",
				);
				OTHER_CFLAGS = "";
				OTHER_LDFLAGS = "";
				PRODUCT_NAME = "$(TARGET_NAME)";
			};
			name = Debug;
		};
		1C0770A719018F4E0090130D /* Release */ = {
			isa = XCBuildConfiguration;
			buildSettings = {
				ALWAYS_SEARCH_USER_PATHS = NO;
				OTHER_CFLAGS = "";
				OTHER_LDFLAGS = "";
				PRODUCT_NAME = "$(TARGET_NAME)";
			};
			name = Release;
		};
		1C0770AA19018F580090130D /* Debug */ = {
			isa = XCBuildConfiguration;
			buildSettings = {
				ALWAYS_SEARCH_USER_PATHS = NO;
				DEBUGGING_SYMBOLS = YES;
				GCC_GENERATE_DEBUGGING_SYMBOLS = YES;
				GCC_OPTIMIZATION_LEVEL = 0;
				GCC_PREPROCESSOR_DEFINITIONS = (
					"DEBUG=1",
					"$(inherited)",
				);
				OTHER_CFLAGS = "";
				OTHER_LDFLAGS = "";
				PRODUCT_NAME = "$(TARGET_NAME)";
			};
			name = Debug;
		};
		1C0770AB19018F580090130D /* Release */ = {
			isa = XCBuildConfiguration;
			buildSettings = {
				ALWAYS_SEARCH_USER_PATHS = NO;
				OTHER_CFLAGS = "";
				OTHER_LDFLAGS = "";
				PRODUCT_NAME = "$(TARGET_NAME)";
			};
			name = Release;
		};
		1C0770AE19018F610090130D /* Debug */ = {
			isa = XCBuildConfiguration;
			buildSettings = {
				ALWAYS_SEARCH_USER_PATHS = NO;
				DEBUGGING_SYMBOLS = YES;
				GCC_GENERATE_DEBUGGING_SYMBOLS = YES;
				GCC_OPTIMIZATION_LEVEL = 0;
				GCC_PREPROCESSOR_DEFINITIONS = (
					"DEBUG=1",
					"$(inherited)",
				);
				OTHER_CFLAGS = "";
				OTHER_LDFLAGS = "";
				PRODUCT_NAME = "$(TARGET_NAME)";
			};
			name = Debug;
		};
		1C0770AF19018F610090130D /* Release */ = {
			isa = XCBuildConfiguration;
			buildSettings = {
				ALWAYS_SEARCH_USER_PATHS = NO;
				OTHER_CFLAGS = "";
				OTHER_LDFLAGS = "";
				PRODUCT_NAME = "$(TARGET_NAME)";
			};
			name = Release;
		};
		1C2B15D018F81D760038A475 /* Debug */ = {
			isa = XCBuildConfiguration;
			buildSettings = {
				ALWAYS_SEARCH_USER_PATHS = YES;
				ARCHS = "$(ARCHS_STANDARD)";
				CLANG_CXX_LANGUAGE_STANDARD = "gnu++0x";
				CLANG_CXX_LIBRARY = "libc++";
				CLANG_ENABLE_MODULES = YES;
				CLANG_ENABLE_OBJC_ARC = YES;
				CLANG_WARN_BOOL_CONVERSION = YES;
				CLANG_WARN_CONSTANT_CONVERSION = YES;
				CLANG_WARN_DIRECT_OBJC_ISA_USAGE = YES_ERROR;
				CLANG_WARN_EMPTY_BODY = YES;
				CLANG_WARN_ENUM_CONVERSION = YES;
				CLANG_WARN_INT_CONVERSION = YES;
				CLANG_WARN_OBJC_ROOT_CLASS = YES_ERROR;
				CLANG_WARN__DUPLICATE_METHOD_MATCH = YES;
				COPY_PHASE_STRIP = NO;
				GCC_C_LANGUAGE_STANDARD = gnu99;
				GCC_DYNAMIC_NO_PIC = NO;
				GCC_ENABLE_OBJC_EXCEPTIONS = YES;
				GCC_OPTIMIZATION_LEVEL = 0;
				GCC_PREPROCESSOR_DEFINITIONS = (
					"DEBUG=1",
					"$(inherited)",
				);
				GCC_SYMBOLS_PRIVATE_EXTERN = NO;
				GCC_WARN_64_TO_32_BIT_CONVERSION = YES;
				GCC_WARN_ABOUT_RETURN_TYPE = YES_ERROR;
				GCC_WARN_UNDECLARED_SELECTOR = YES;
				GCC_WARN_UNINITIALIZED_AUTOS = YES_AGGRESSIVE;
				GCC_WARN_UNUSED_FUNCTION = YES;
				GCC_WARN_UNUSED_VARIABLE = YES;
				HEADER_SEARCH_PATHS = (
					"$(inherited)",
					"./**",
					/Applications/Xcode.app/Contents/Developer/Toolchains/XcodeDefault.xctoolchain/usr/include,
				);
				LIBRARY_SEARCH_PATHS = /usr/local/lib;
				MACOSX_DEPLOYMENT_TARGET = 10.9;
				ONLY_ACTIVE_ARCH = YES;
				OTHER_LDFLAGS = "-ltiff";
				SCAN_ALL_SOURCE_FILES_FOR_INCLUDES = YES;
				SDKROOT = macosx;
				USER_HEADER_SEARCH_PATHS = "";
				VALID_ARCHS = "x86_64 i386";
			};
			name = Debug;
		};
		1C2B15D118F81D760038A475 /* Release */ = {
			isa = XCBuildConfiguration;
			buildSettings = {
				ALWAYS_SEARCH_USER_PATHS = YES;
				ARCHS = "$(ARCHS_STANDARD)";
				CLANG_CXX_LANGUAGE_STANDARD = "gnu++0x";
				CLANG_CXX_LIBRARY = "libc++";
				CLANG_ENABLE_MODULES = YES;
				CLANG_ENABLE_OBJC_ARC = YES;
				CLANG_WARN_BOOL_CONVERSION = YES;
				CLANG_WARN_CONSTANT_CONVERSION = YES;
				CLANG_WARN_DIRECT_OBJC_ISA_USAGE = YES_ERROR;
				CLANG_WARN_EMPTY_BODY = YES;
				CLANG_WARN_ENUM_CONVERSION = YES;
				CLANG_WARN_INT_CONVERSION = YES;
				CLANG_WARN_OBJC_ROOT_CLASS = YES_ERROR;
				CLANG_WARN__DUPLICATE_METHOD_MATCH = YES;
				COPY_PHASE_STRIP = YES;
				DEBUG_INFORMATION_FORMAT = "dwarf-with-dsym";
				ENABLE_NS_ASSERTIONS = NO;
				GCC_C_LANGUAGE_STANDARD = gnu99;
				GCC_ENABLE_OBJC_EXCEPTIONS = YES;
				GCC_WARN_64_TO_32_BIT_CONVERSION = YES;
				GCC_WARN_ABOUT_RETURN_TYPE = YES_ERROR;
				GCC_WARN_UNDECLARED_SELECTOR = YES;
				GCC_WARN_UNINITIALIZED_AUTOS = YES_AGGRESSIVE;
				GCC_WARN_UNUSED_FUNCTION = YES;
				GCC_WARN_UNUSED_VARIABLE = YES;
				HEADER_SEARCH_PATHS = (
					"$(inherited)",
					"./**",
					/Applications/Xcode.app/Contents/Developer/Toolchains/XcodeDefault.xctoolchain/usr/include,
				);
				LIBRARY_SEARCH_PATHS = /usr/local/lib;
				MACOSX_DEPLOYMENT_TARGET = 10.9;
				OTHER_LDFLAGS = "-ltiff";
				SCAN_ALL_SOURCE_FILES_FOR_INCLUDES = YES;
				SDKROOT = macosx;
				USER_HEADER_SEARCH_PATHS = "";
				VALID_ARCHS = "x86_64 i386";
			};
			name = Release;
		};
		1C2B15D318F81D760038A475 /* Debug */ = {
			isa = XCBuildConfiguration;
			buildSettings = {
				ARCHS = "$(ARCHS_STANDARD)";
				HEADER_SEARCH_PATHS = (
					"$(inherited)",
					/Applications/Xcode.app/Contents/Developer/Toolchains/XcodeDefault.xctoolchain/usr/include,
					/usr/local/include,
					/opt/local/include,
				);
				"HEADER_SEARCH_PATHS[arch=*]" = (
					"$(inherited)",
					/Applications/Xcode.app/Contents/Developer/Toolchains/XcodeDefault.xctoolchain/usr/include,
					/opt/local/include,
					/usr/local/include,
				);
				OTHER_CFLAGS = (
					"-lm",
					"-ltiff",
				);
				PRODUCT_NAME = "climso-auto";
				USER_HEADER_SEARCH_PATHS = /usr/local/include;
				"USER_HEADER_SEARCH_PATHS[arch=*]" = "";
			};
			name = Debug;
		};
		1C2B15D418F81D760038A475 /* Release */ = {
			isa = XCBuildConfiguration;
			buildSettings = {
				ARCHS = "$(ARCHS_STANDARD)";
				HEADER_SEARCH_PATHS = (
					"$(inherited)",
					/Applications/Xcode.app/Contents/Developer/Toolchains/XcodeDefault.xctoolchain/usr/include,
					/usr/local/include,
					/opt/local/include,
				);
				"HEADER_SEARCH_PATHS[arch=*]" = (
					"$(inherited)",
					/Applications/Xcode.app/Contents/Developer/Toolchains/XcodeDefault.xctoolchain/usr/include,
					/opt/local/include,
					/usr/local/include,
				);
				OTHER_CFLAGS = (
					"-lm",
					"-ltiff",
				);
				PRODUCT_NAME = "climso-auto";
			};
			name = Release;
		};
		1CEC1A9F190556BF0016A024 /* Debug */ = {
			isa = XCBuildConfiguration;
			buildSettings = {
				ALWAYS_SEARCH_USER_PATHS = NO;
				DEBUGGING_SYMBOLS = YES;
				GCC_GENERATE_DEBUGGING_SYMBOLS = YES;
				GCC_OPTIMIZATION_LEVEL = 0;
				GCC_PREPROCESSOR_DEFINITIONS = (
					"DEBUG=1",
					"$(inherited)",
				);
				OTHER_CFLAGS = "";
				OTHER_LDFLAGS = "";
				PRODUCT_NAME = "$(TARGET_NAME)";
			};
			name = Debug;
		};
		1CEC1AA0190556BF0016A024 /* Release */ = {
			isa = XCBuildConfiguration;
			buildSettings = {
				ALWAYS_SEARCH_USER_PATHS = NO;
				OTHER_CFLAGS = "";
				OTHER_LDFLAGS = "";
				PRODUCT_NAME = "$(TARGET_NAME)";
			};
			name = Release;
		};
/* End XCBuildConfiguration section */

/* Begin XCConfigurationList section */
		1C0770A119018F220090130D /* Build configuration list for PBXLegacyTarget "Arduino" */ = {
			isa = XCConfigurationList;
			buildConfigurations = (
				1C0770A219018F220090130D /* Debug */,
				1C0770A319018F220090130D /* Release */,
			);
			defaultConfigurationIsVisible = 0;
			defaultConfigurationName = Release;
		};
		1C0770A519018F4E0090130D /* Build configuration list for PBXLegacyTarget "All" */ = {
			isa = XCConfigurationList;
			buildConfigurations = (
				1C0770A619018F4E0090130D /* Debug */,
				1C0770A719018F4E0090130D /* Release */,
			);
			defaultConfigurationIsVisible = 0;
			defaultConfigurationName = Release;
		};
		1C0770A919018F580090130D /* Build configuration list for PBXLegacyTarget "Position" */ = {
			isa = XCConfigurationList;
			buildConfigurations = (
				1C0770AA19018F580090130D /* Debug */,
				1C0770AB19018F580090130D /* Release */,
			);
			defaultConfigurationIsVisible = 0;
			defaultConfigurationName = Release;
		};
		1C0770AD19018F610090130D /* Build configuration list for PBXLegacyTarget "Camera" */ = {
			isa = XCConfigurationList;
			buildConfigurations = (
				1C0770AE19018F610090130D /* Debug */,
				1C0770AF19018F610090130D /* Release */,
			);
			defaultConfigurationIsVisible = 0;
			defaultConfigurationName = Release;
		};
		1C2B15C418F81D760038A475 /* Build configuration list for PBXProject "climso-auto" */ = {
			isa = XCConfigurationList;
			buildConfigurations = (
				1C2B15D018F81D760038A475 /* Debug */,
				1C2B15D118F81D760038A475 /* Release */,
			);
			defaultConfigurationIsVisible = 0;
			defaultConfigurationName = Release;
		};
		1C2B15D218F81D760038A475 /* Build configuration list for PBXNativeTarget "climso-auto" */ = {
			isa = XCConfigurationList;
			buildConfigurations = (
				1C2B15D318F81D760038A475 /* Debug */,
				1C2B15D418F81D760038A475 /* Release */,
			);
			defaultConfigurationIsVisible = 0;
			defaultConfigurationName = Release;
		};
		1CEC1A9E190556BF0016A024 /* Build configuration list for PBXLegacyTarget "Image" */ = {
			isa = XCConfigurationList;
			buildConfigurations = (
				1CEC1A9F190556BF0016A024 /* Debug */,
				1CEC1AA0190556BF0016A024 /* Release */,
			);
			defaultConfigurationIsVisible = 0;
			defaultConfigurationName = Release;
		};
/* End XCConfigurationList section */
	};
	rootObject = 1C2B15C118F81D760038A475 /* Project object */;
}
