// !$*UTF8*$!
{
	archiveVersion = 1;
	classes = {
	};
	objectVersion = 46;
	objects = {

/* Begin PBXBuildFile section */
		1C8CB96218FDBCB800268570 /* csbigcam.cpp in Sources */ = {isa = PBXBuildFile; fileRef = 1C8CB95018FDBC8D00268570 /* csbigcam.cpp */; };
		1C8CB96318FDBCB800268570 /* csbigimg.cpp in Sources */ = {isa = PBXBuildFile; fileRef = 1C8CB95318FDBC8D00268570 /* csbigimg.cpp */; };
		1C8CB96418FDBCB800268570 /* sbig2fits.cpp in Sources */ = {isa = PBXBuildFile; fileRef = 1C8CB95D18FDBC8D00268570 /* sbig2fits.cpp */; };
/* End PBXBuildFile section */

/* Begin PBXCopyFilesBuildPhase section */
		1C2B15C718F81D760038A475 /* CopyFiles */ = {
			isa = PBXCopyFilesBuildPhase;
			buildActionMask = 2147483647;
			dstPath = /usr/share/man/man1/;
			dstSubfolderSpec = 0;
			files = (
			);
			runOnlyForDeploymentPostprocessing = 1;
		};
/* End PBXCopyFilesBuildPhase section */

/* Begin PBXFileReference section */
		1C026F9618FC053800635AF4 /* convol.c */ = {isa = PBXFileReference; fileEncoding = 4; lastKnownFileType = sourcecode.c.c; lineEnding = 0; path = convol.c; sourceTree = "<group>"; xcLanguageSpecificationIdentifier = xcode.lang.c; };
		1C026F9718FC053800635AF4 /* convol.h */ = {isa = PBXFileReference; fileEncoding = 4; lastKnownFileType = sourcecode.c.h; path = convol.h; sourceTree = "<group>"; };
		1C026F9818FC053800635AF4 /* crea_tiff_3.c */ = {isa = PBXFileReference; fileEncoding = 4; lastKnownFileType = sourcecode.c.c; lineEnding = 0; path = crea_tiff_3.c; sourceTree = "<group>"; xcLanguageSpecificationIdentifier = xcode.lang.c; };
		1C026F9918FC053800635AF4 /* crea_tiff_3.h */ = {isa = PBXFileReference; fileEncoding = 4; lastKnownFileType = sourcecode.c.h; path = crea_tiff_3.h; sourceTree = "<group>"; };
		1C026F9A18FC053800635AF4 /* fcts_LK3.c */ = {isa = PBXFileReference; fileEncoding = 4; lastKnownFileType = sourcecode.c.c; path = fcts_LK3.c; sourceTree = "<group>"; };
		1C026F9B18FC053800635AF4 /* fcts_LK3.h */ = {isa = PBXFileReference; fileEncoding = 4; lastKnownFileType = sourcecode.c.h; path = fcts_LK3.h; sourceTree = "<group>"; };
		1C026F9C18FC053800635AF4 /* interpol.c */ = {isa = PBXFileReference; fileEncoding = 4; lastKnownFileType = sourcecode.c.c; path = interpol.c; sourceTree = "<group>"; };
		1C026F9D18FC053800635AF4 /* interpol.h */ = {isa = PBXFileReference; fileEncoding = 4; lastKnownFileType = sourcecode.c.h; path = interpol.h; sourceTree = "<group>"; };
		1C026F9E18FC053800635AF4 /* main.c */ = {isa = PBXFileReference; fileEncoding = 4; lastKnownFileType = sourcecode.c.c; lineEnding = 0; path = main.c; sourceTree = "<group>"; xcLanguageSpecificationIdentifier = xcode.lang.c; };
		1C026F9F18FC053800635AF4 /* makefile */ = {isa = PBXFileReference; fileEncoding = 4; lastKnownFileType = sourcecode.make; path = makefile; sourceTree = "<group>"; };
		1C27432D18FD79DC00D42C19 /* camera.c */ = {isa = PBXFileReference; fileEncoding = 4; lastKnownFileType = sourcecode.c.c; path = camera.c; sourceTree = "<group>"; };
		1C2B15C918F81D760038A475 /* climso-auto */ = {isa = PBXFileReference; explicitFileType = "compiled.mach-o.executable"; includeInIndex = 0; path = "climso-auto"; sourceTree = BUILT_PRODUCTS_DIR; };
		1C8CB95018FDBC8D00268570 /* csbigcam.cpp */ = {isa = PBXFileReference; lastKnownFileType = sourcecode.cpp.cpp; path = csbigcam.cpp; sourceTree = "<group>"; };
		1C8CB95118FDBC8D00268570 /* csbigcam.h */ = {isa = PBXFileReference; lastKnownFileType = sourcecode.c.h; path = csbigcam.h; sourceTree = "<group>"; };
		1C8CB95318FDBC8D00268570 /* csbigimg.cpp */ = {isa = PBXFileReference; lastKnownFileType = sourcecode.cpp.cpp; path = csbigimg.cpp; sourceTree = "<group>"; };
		1C8CB95418FDBC8D00268570 /* csbigimg.h */ = {isa = PBXFileReference; lastKnownFileType = sourcecode.c.h; path = csbigimg.h; sourceTree = "<group>"; };
		1C8CB95618FDBC8D00268570 /* fitsio.h */ = {isa = PBXFileReference; lastKnownFileType = sourcecode.c.h; path = fitsio.h; sourceTree = "<group>"; };
		1C8CB95718FDBC8D00268570 /* longnam.h */ = {isa = PBXFileReference; lastKnownFileType = sourcecode.c.h; path = longnam.h; sourceTree = "<group>"; };
		1C8CB95818FDBC8D00268570 /* lpardrv.h */ = {isa = PBXFileReference; lastKnownFileType = sourcecode.c.h; path = lpardrv.h; sourceTree = "<group>"; };
		1C8CB95918FDBC8D00268570 /* main.cpp */ = {isa = PBXFileReference; lastKnownFileType = sourcecode.cpp.cpp; path = main.cpp; sourceTree = "<group>"; };
		1C8CB95B18FDBC8D00268570 /* Makefile */ = {isa = PBXFileReference; lastKnownFileType = sourcecode.make; path = Makefile; sourceTree = "<group>"; };
		1C8CB95D18FDBC8D00268570 /* sbig2fits.cpp */ = {isa = PBXFileReference; lastKnownFileType = sourcecode.cpp.cpp; path = sbig2fits.cpp; sourceTree = "<group>"; };
		1C8CB96018FDBC8D00268570 /* sbigudrv.h */ = {isa = PBXFileReference; lastKnownFileType = sourcecode.c.h; path = sbigudrv.h; sourceTree = "<group>"; };
		1C8CB96A18FE750F00268570 /* picture.cpp */ = {isa = PBXFileReference; fileEncoding = 4; lastKnownFileType = sourcecode.cpp.cpp; path = picture.cpp; sourceTree = "<group>"; };
		1C8CB96B18FE750F00268570 /* picture.h */ = {isa = PBXFileReference; fileEncoding = 4; lastKnownFileType = sourcecode.c.h; path = picture.h; sourceTree = "<group>"; };
		1C8CB96D18FE752900268570 /* camera.cpp */ = {isa = PBXFileReference; fileEncoding = 4; lastKnownFileType = sourcecode.cpp.cpp; path = camera.cpp; sourceTree = "<group>"; };
		1C8CB96E18FE752900268570 /* camera.h */ = {isa = PBXFileReference; fileEncoding = 4; lastKnownFileType = sourcecode.c.h; path = camera.h; sourceTree = "<group>"; };
		1CD57EA118FC177600210E05 /* diametre_soleil.h */ = {isa = PBXFileReference; lastKnownFileType = sourcecode.c.h; path = diametre_soleil.h; sourceTree = "<group>"; };
		1CD57EA318FC342200210E05 /* diametre_soleil.c */ = {isa = PBXFileReference; fileEncoding = 4; lastKnownFileType = sourcecode.c.c; path = diametre_soleil.c; sourceTree = "<group>"; };
/* End PBXFileReference section */

/* Begin PBXFrameworksBuildPhase section */
		1C2B15C618F81D760038A475 /* Frameworks */ = {
			isa = PBXFrameworksBuildPhase;
			buildActionMask = 2147483647;
			files = (
			);
			runOnlyForDeploymentPostprocessing = 0;
		};
/* End PBXFrameworksBuildPhase section */

/* Begin PBXGroup section */
		1C026F9518FC053800635AF4 /* src */ = {
			isa = PBXGroup;
			children = (
				1C8CB96918FE74E300268570 /* camera */,
				1C8CB96818FE74D800268570 /* asservissement */,
				1C8CB96718FE74C600268570 /* calcul_position */,
			);
			path = src;
			sourceTree = "<group>";
		};
		1C2B15C018F81D760038A475 = {
			isa = PBXGroup;
			children = (
				1C026F9518FC053800635AF4 /* src */,
				1C2B15CA18F81D760038A475 /* Products */,
			);
			sourceTree = "<group>";
		};
		1C2B15CA18F81D760038A475 /* Products */ = {
			isa = PBXGroup;
			children = (
				1C2B15C918F81D760038A475 /* climso-auto */,
			);
			name = Products;
			sourceTree = "<group>";
		};
		1C8CB94F18FDBC8D00268570 /* sbig_class_library */ = {
			isa = PBXGroup;
			children = (
				1C8CB95018FDBC8D00268570 /* csbigcam.cpp */,
				1C8CB95118FDBC8D00268570 /* csbigcam.h */,
				1C8CB95318FDBC8D00268570 /* csbigimg.cpp */,
				1C8CB95418FDBC8D00268570 /* csbigimg.h */,
				1C8CB95618FDBC8D00268570 /* fitsio.h */,
				1C8CB95718FDBC8D00268570 /* longnam.h */,
				1C8CB95818FDBC8D00268570 /* lpardrv.h */,
				1C8CB95918FDBC8D00268570 /* main.cpp */,
				1C8CB95B18FDBC8D00268570 /* Makefile */,
				1C8CB95D18FDBC8D00268570 /* sbig2fits.cpp */,
				1C8CB96018FDBC8D00268570 /* sbigudrv.h */,
			);
			path = sbig_class_library;
			sourceTree = "<group>";
		};
		1C8CB96718FE74C600268570 /* calcul_position */ = {
			isa = PBXGroup;
			children = (
				1C026F9618FC053800635AF4 /* convol.c */,
				1C026F9818FC053800635AF4 /* crea_tiff_3.c */,
				1C026F9A18FC053800635AF4 /* fcts_LK3.c */,
				1C026F9C18FC053800635AF4 /* interpol.c */,
				1C026F9E18FC053800635AF4 /* main.c */,
				1C026F9718FC053800635AF4 /* convol.h */,
				1C026F9918FC053800635AF4 /* crea_tiff_3.h */,
				1C026F9B18FC053800635AF4 /* fcts_LK3.h */,
				1C026F9D18FC053800635AF4 /* interpol.h */,
				1C026F9F18FC053800635AF4 /* makefile */,
				1CD57EA318FC342200210E05 /* diametre_soleil.c */,
				1CD57EA118FC177600210E05 /* diametre_soleil.h */,
			);
			name = calcul_position;
			sourceTree = "<group>";
		};
		1C8CB96818FE74D800268570 /* asservissement */ = {
			isa = PBXGroup;
			children = (
			);
			name = asservissement;
			sourceTree = "<group>";
		};
		1C8CB96918FE74E300268570 /* camera */ = {
			isa = PBXGroup;
			children = (
				1C8CB96A18FE750F00268570 /* picture.cpp */,
				1C27432D18FD79DC00D42C19 /* camera.c */,
				1C8CB96D18FE752900268570 /* camera.cpp */,
				1C8CB96B18FE750F00268570 /* picture.h */,
				1C8CB96E18FE752900268570 /* camera.h */,
				1C8CB94F18FDBC8D00268570 /* sbig_class_library */,
			);
			name = camera;
			sourceTree = "<group>";
		};
/* End PBXGroup section */

/* Begin PBXNativeTarget section */
		1C2B15C818F81D760038A475 /* climso-auto */ = {
			isa = PBXNativeTarget;
			buildConfigurationList = 1C2B15D218F81D760038A475 /* Build configuration list for PBXNativeTarget "climso-auto" */;
			buildPhases = (
				1C2B15C518F81D760038A475 /* Sources */,
				1C2B15C618F81D760038A475 /* Frameworks */,
				1C2B15C718F81D760038A475 /* CopyFiles */,
			);
			buildRules = (
			);
			dependencies = (
			);
			name = "climso-auto";
			productName = correl_images;
			productReference = 1C2B15C918F81D760038A475 /* climso-auto */;
			productType = "com.apple.product-type.tool";
		};
/* End PBXNativeTarget section */

/* Begin PBXProject section */
		1C2B15C118F81D760038A475 /* Project object */ = {
			isa = PBXProject;
			attributes = {
				LastUpgradeCheck = 0510;
				ORGANIZATIONNAME = "___FULLUSERNAME___";
			};
			buildConfigurationList = 1C2B15C418F81D760038A475 /* Build configuration list for PBXProject "climso-auto" */;
			compatibilityVersion = "Xcode 3.2";
			developmentRegion = English;
			hasScannedForEncodings = 0;
			knownRegions = (
				en,
			);
			mainGroup = 1C2B15C018F81D760038A475;
			productRefGroup = 1C2B15CA18F81D760038A475 /* Products */;
			projectDirPath = "";
			projectRoot = "";
			targets = (
				1C2B15C818F81D760038A475 /* climso-auto */,
			);
		};
/* End PBXProject section */

/* Begin PBXSourcesBuildPhase section */
		1C2B15C518F81D760038A475 /* Sources */ = {
			isa = PBXSourcesBuildPhase;
			buildActionMask = 2147483647;
			files = (
				1C8CB96318FDBCB800268570 /* csbigimg.cpp in Sources */,
				1C8CB96218FDBCB800268570 /* csbigcam.cpp in Sources */,
				1C8CB96418FDBCB800268570 /* sbig2fits.cpp in Sources */,
			);
			runOnlyForDeploymentPostprocessing = 0;
		};
/* End PBXSourcesBuildPhase section */

/* Begin XCBuildConfiguration section */
		1C2B15D018F81D760038A475 /* Debug */ = {
			isa = XCBuildConfiguration;
			buildSettings = {
				ALWAYS_SEARCH_USER_PATHS = NO;
				CLANG_CXX_LANGUAGE_STANDARD = "gnu++0x";
				CLANG_CXX_LIBRARY = "libc++";
				CLANG_ENABLE_MODULES = YES;
				CLANG_ENABLE_OBJC_ARC = YES;
				CLANG_WARN_BOOL_CONVERSION = YES;
				CLANG_WARN_CONSTANT_CONVERSION = YES;
				CLANG_WARN_DIRECT_OBJC_ISA_USAGE = YES_ERROR;
				CLANG_WARN_EMPTY_BODY = YES;
				CLANG_WARN_ENUM_CONVERSION = YES;
				CLANG_WARN_INT_CONVERSION = YES;
				CLANG_WARN_OBJC_ROOT_CLASS = YES_ERROR;
				CLANG_WARN__DUPLICATE_METHOD_MATCH = YES;
				COPY_PHASE_STRIP = NO;
				GCC_C_LANGUAGE_STANDARD = gnu99;
				GCC_DYNAMIC_NO_PIC = NO;
				GCC_ENABLE_OBJC_EXCEPTIONS = YES;
				GCC_OPTIMIZATION_LEVEL = 0;
				GCC_PREPROCESSOR_DEFINITIONS = (
					"DEBUG=1",
					"$(inherited)",
				);
				GCC_SYMBOLS_PRIVATE_EXTERN = NO;
				GCC_WARN_64_TO_32_BIT_CONVERSION = YES;
				GCC_WARN_ABOUT_RETURN_TYPE = YES_ERROR;
				GCC_WARN_UNDECLARED_SELECTOR = YES;
				GCC_WARN_UNINITIALIZED_AUTOS = YES_AGGRESSIVE;
				GCC_WARN_UNUSED_FUNCTION = YES;
				GCC_WARN_UNUSED_VARIABLE = YES;
				MACOSX_DEPLOYMENT_TARGET = 10.9;
				ONLY_ACTIVE_ARCH = YES;
				SDKROOT = macosx;
			};
			name = Debug;
		};
		1C2B15D118F81D760038A475 /* Release */ = {
			isa = XCBuildConfiguration;
			buildSettings = {
				ALWAYS_SEARCH_USER_PATHS = NO;
				CLANG_CXX_LANGUAGE_STANDARD = "gnu++0x";
				CLANG_CXX_LIBRARY = "libc++";
				CLANG_ENABLE_MODULES = YES;
				CLANG_ENABLE_OBJC_ARC = YES;
				CLANG_WARN_BOOL_CONVERSION = YES;
				CLANG_WARN_CONSTANT_CONVERSION = YES;
				CLANG_WARN_DIRECT_OBJC_ISA_USAGE = YES_ERROR;
				CLANG_WARN_EMPTY_BODY = YES;
				CLANG_WARN_ENUM_CONVERSION = YES;
				CLANG_WARN_INT_CONVERSION = YES;
				CLANG_WARN_OBJC_ROOT_CLASS = YES_ERROR;
				CLANG_WARN__DUPLICATE_METHOD_MATCH = YES;
				COPY_PHASE_STRIP = YES;
				DEBUG_INFORMATION_FORMAT = "dwarf-with-dsym";
				ENABLE_NS_ASSERTIONS = NO;
				GCC_C_LANGUAGE_STANDARD = gnu99;
				GCC_ENABLE_OBJC_EXCEPTIONS = YES;
				GCC_WARN_64_TO_32_BIT_CONVERSION = YES;
				GCC_WARN_ABOUT_RETURN_TYPE = YES_ERROR;
				GCC_WARN_UNDECLARED_SELECTOR = YES;
				GCC_WARN_UNINITIALIZED_AUTOS = YES_AGGRESSIVE;
				GCC_WARN_UNUSED_FUNCTION = YES;
				GCC_WARN_UNUSED_VARIABLE = YES;
				MACOSX_DEPLOYMENT_TARGET = 10.9;
				SDKROOT = macosx;
			};
			name = Release;
		};
		1C2B15D318F81D760038A475 /* Debug */ = {
			isa = XCBuildConfiguration;
			buildSettings = {
				ARCHS = "$(ARCHS_STANDARD_32_BIT)";
				"HEADER_SEARCH_PATHS[arch=*]" = (
					"$(inherited)",
					/Applications/Xcode.app/Contents/Developer/Toolchains/XcodeDefault.xctoolchain/usr/include,
					/usr/local/lib,
				);
				"LIBRARY_SEARCH_PATHS[arch=*]" = /usr/local/lib;
				OTHER_CFLAGS = "-lsbigudrv";
				"OTHER_LDFLAGS[arch=*]" = "-lsbigudrv";
				PRODUCT_NAME = "climso-auto";
				USER_HEADER_SEARCH_PATHS = /usr/local/include;
			};
			name = Debug;
		};
		1C2B15D418F81D760038A475 /* Release */ = {
			isa = XCBuildConfiguration;
			buildSettings = {
				ARCHS = "$(ARCHS_STANDARD_32_BIT)";
				OTHER_CFLAGS = "-lsbigudrv";
				"OTHER_LDFLAGS[arch=*]" = "-lsbigudrv";
				PRODUCT_NAME = "climso-auto";
			};
			name = Release;
		};
/* End XCBuildConfiguration section */

/* Begin XCConfigurationList section */
		1C2B15C418F81D760038A475 /* Build configuration list for PBXProject "climso-auto" */ = {
			isa = XCConfigurationList;
			buildConfigurations = (
				1C2B15D018F81D760038A475 /* Debug */,
				1C2B15D118F81D760038A475 /* Release */,
			);
			defaultConfigurationIsVisible = 0;
			defaultConfigurationName = Release;
		};
		1C2B15D218F81D760038A475 /* Build configuration list for PBXNativeTarget "climso-auto" */ = {
			isa = XCConfigurationList;
			buildConfigurations = (
				1C2B15D318F81D760038A475 /* Debug */,
				1C2B15D418F81D760038A475 /* Release */,
			);
			defaultConfigurationIsVisible = 0;
			defaultConfigurationName = Release;
		};
/* End XCConfigurationList section */
	};
	rootObject = 1C2B15C118F81D760038A475 /* Project object */;
}
